%{"cowboy": {:hex, :cowboy, "1.0.3"},
  "cowlib": {:hex, :cowlib, "1.0.1"},
  "discovery": {:git, "https://github.com/cellulose/discovery.git", "2989d56aeb6e2230eedd9046737c2f0f8ede5bcc", []},
  "exjsx": {:hex, :exjsx, "3.2.0"},
  "httpotion": {:git, "git://github.com/myfreeweb/httpotion.git", "0ade062cc73122486d33ceb5e713a417f7afdfde", []},
  "hub": {:git, "git://github.com/nerves-project/nerves_hub.git", "af1ba2c41bbf9a15091853417e46dfade5f648b4", []},
  "ibrowse": {:git, "git://github.com/cmullaparthi/ibrowse.git", "d2e369ff42666c3574b8b7ec26f69027895c4d94", [tag: "v4.1.1"]},
  "jrtp_bridge": {:git, "https://github.com/cellulose/jrtp_bridge.git", "17499c3dfef69b666036b7391a5b8f2c2d01c50e", []},
  "jsx": {:hex, :jsx, "2.6.2"},
  "nerves_hub": {:git, "https://github.com/nerves-project/nerves_hub.git", "af1ba2c41bbf9a15091853417e46dfade5f648b4", []},
  "ranch": {:hex, :ranch, "1.1.0"}}
