%{"conform": {:hex, :conform, "0.13.0"},
  "cowboy": {:hex, :cowboy, "1.0.0"},
  "cowlib": {:hex, :cowlib, "1.0.1"},
  "discovery": {:git, "git://github.com/cellulose/discovery.git", "2989d56aeb6e2230eedd9046737c2f0f8ede5bcc", []},
  "ethernet": {:git, "git://github.com/cellulose/ethernet.git", "b4917b127a88e638af1d2d6797c40de0e8da03ba", []},
  "exrm": {:hex, :exrm, "0.15.3"},
  "firmware": {:git, "git://github.com/cellulose/firmware.git", "fd96d067492644e22820abfa1189f57688e5a0c3", []},
  "httpotion": {:git, "git://github.com/myfreeweb/httpotion.git", "0ade062cc73122486d33ceb5e713a417f7afdfde", []},
  "hub": {:git, "git://github.com/cellulose/hub.git", "8565190c7ddfa0e577a2246f56b52c2c836bd831", []},
  "ibrowse": {:git, "git://github.com/cmullaparthi/ibrowse.git", "d2e369ff42666c3574b8b7ec26f69027895c4d94", [tag: "v4.1.1"]},
  "jrtp_bridge": {:git, "git://github.com/cellulose/jrtp_bridge.git", "89ce729c17a74ffe3daea1cd0356f12035bc0968", []},
  "jsx": {:git, "git://github.com/talentdeficit/jsx.git", "e50af6e109cb03bd26acf715cbc77de746507d1d", [ref: "v1.4.3"]},
  "leds": {:git, "git://github.com/cellulose/leds.git", "e7e7fc83c7282f41999a47bb4fea729c513a2934", []},
  "logger_multicast_backend": {:git, "git://github.com/cellulose/logger_multicast_backend.git", "829a94cafd81d13a70fcca7b8f0d8006a7996e8b", []},
  "ranch": {:hex, :ranch, "1.0.0"}}
